{
  "name": "riveviewer-miniapp",
  "version": "1.0.1",
  "lockfileVersion": 3,
  "requires": true,
  "packages": {
    "": {
      "name": "riveviewer-miniapp",
      "version": "1.0.1",
      "license": "PolyForm-Noncommercial-1.0.0",
      "dependencies": {
        "@phosphor-icons/core": "^2.1.1",
        "@rive-app/canvas-advanced": "2.39.1"
      }
    },
    "node_modules/@phosphor-icons/core": {
      "version": "2.1.1",
      "resolved": "https://registry.npmjs.org/@phosphor-icons/core/-/core-2.1.1.tgz",
      "integrity": "sha512-v4ARvrip4qBCImOE5rmPUylOEK4iiED9ZyKjcvzuezqMaiRASCHKcRIuvvxL/twvLpkfnEODCOJp5dM4eZilxQ==",
      "license": "MIT"
    },
    "node_modules/@rive-app/canvas-advanced": {
      "version": "2.39.1",
      "resolved": "https://registry.npmjs.org/@rive-app/canvas-advanced/-/canvas-advanced-2.39.1.tgz",
      "integrity": "sha512-EcX6oQWimgTUpmJeXxumk+oRclBbn7hSB5fk+VRlp0D6d6hlC5Qx6b5ZDoiLDg+3R3WSAYkEawgxEuCHN50wog==",
      "license": "MIT"
    }
  }
}
